
Microsoft Visual Studio Solution File, Format Version 12.00
# Visual Studio Version 17
VisualStudioVersion = 17.7.34221.43
MinimumVisualStudioVersion = 10.0.40219.1
Project("{8BC9CEB8-8B4A-11D0-8D11-00A0C91BC942}") = "Gospodi 1.4", "Gospodi 1.4\Gospodi 1.4.vcxproj", "{CDC065BC-11F2-4992-873C-D00DD7B61BD8}"
EndProject
Global
	GlobalSection(SolutionConfigurationPlatforms) = preSolution
		Debug|x64 = Debug|x64
		Debug|x86 = Debug|x86
		Release|x64 = Release|x64
		Release|x86 = Release|x86
	EndGlobalSection
	GlobalSection(ProjectConfigurationPlatforms) = postSolution
		{CDC065BC-11F2-4992-873C-D00DD7B61BD8}.Debug|x64.ActiveCfg = Debug|x64
		{CDC065BC-11F2-4992-873C-D00DD7B61BD8}.Debug|x64.Build.0 = Debug|x64
		{CDC065BC-11F2-4992-873C-D00DD7B61BD8}.Debug|x86.ActiveCfg = Debug|Win32
		{CDC065BC-11F2-4992-873C-D00DD7B61BD8}.Debug|x86.Build.0 = Debug|Win32
		{CDC065BC-11F2-4992-873C-D00DD7B61BD8}.Release|x64.ActiveCfg = Release|x64
		{CDC065BC-11F2-4992-873C-D00DD7B61BD8}.Release|x64.Build.0 = Release|x64
		{CDC065BC-11F2-4992-873C-D00DD7B61BD8}.Release|x86.ActiveCfg = Release|Win32
		{CDC065BC-11F2-4992-873C-D00DD7B61BD8}.Release|x86.Build.0 = Release|Win32
	EndGlobalSection
	GlobalSection(SolutionProperties) = preSolution
		HideSolutionNode = FALSE
	EndGlobalSection
	GlobalSection(ExtensibilityGlobals) = postSolution
		SolutionGuid = {D864FF66-D4E8-4637-954C-94CC342617C1}
	EndGlobalSection
EndGlobal
